
Microsoft Visual Studio Solution File, Format Version 12.00
# Visual Studio Version 16
VisualStudioVersion = 16.0.31321.278
MinimumVisualStudioVersion = 10.0.40219.1
Project("{9A19103F-16F7-4668-BE54-9A1E7A4F7556}") = "GrpcServer", "GrpcServer\GrpcServer.csproj", "{C1EE5338-9B28-4075-8DC7-9427E59E06BA}"
EndProject
Project("{FAE04EC0-301F-11D3-BF4B-00C04F79EFBC}") = "GrpcClient", "GrpcClient\GrpcClient.csproj", "{58F6203E-8C6E-4692-BB31-913685687186}"
EndProject
Project("{FAE04EC0-301F-11D3-BF4B-00C04F79EFBC}") = "GrpcInterface", "GrpcInterface\GrpcInterface.csproj", "{0A79710D-4816-40D4-918F-8D319F4A507B}"
EndProject
Global
	GlobalSection(SolutionConfigurationPlatforms) = preSolution
		Debug|Any CPU = Debug|Any CPU
		Release|Any CPU = Release|Any CPU
	EndGlobalSection
	GlobalSection(ProjectConfigurationPlatforms) = postSolution
		{C1EE5338-9B28-4075-8DC7-9427E59E06BA}.Debug|Any CPU.ActiveCfg = Debug|Any CPU
		{C1EE5338-9B28-4075-8DC7-9427E59E06BA}.Debug|Any CPU.Build.0 = Debug|Any CPU
		{C1EE5338-9B28-4075-8DC7-9427E59E06BA}.Release|Any CPU.ActiveCfg = Release|Any CPU
		{C1EE5338-9B28-4075-8DC7-9427E59E06BA}.Release|Any CPU.Build.0 = Release|Any CPU
		{58F6203E-8C6E-4692-BB31-913685687186}.Debug|Any CPU.ActiveCfg = Debug|Any CPU
		{58F6203E-8C6E-4692-BB31-913685687186}.Debug|Any CPU.Build.0 = Debug|Any CPU
		{58F6203E-8C6E-4692-BB31-913685687186}.Release|Any CPU.ActiveCfg = Release|Any CPU
		{58F6203E-8C6E-4692-BB31-913685687186}.Release|Any CPU.Build.0 = Release|Any CPU
		{0A79710D-4816-40D4-918F-8D319F4A507B}.Debug|Any CPU.ActiveCfg = Debug|Any CPU
		{0A79710D-4816-40D4-918F-8D319F4A507B}.Debug|Any CPU.Build.0 = Debug|Any CPU
		{0A79710D-4816-40D4-918F-8D319F4A507B}.Release|Any CPU.ActiveCfg = Release|Any CPU
		{0A79710D-4816-40D4-918F-8D319F4A507B}.Release|Any CPU.Build.0 = Release|Any CPU
	EndGlobalSection
	GlobalSection(SolutionProperties) = preSolution
		HideSolutionNode = FALSE
	EndGlobalSection
	GlobalSection(ExtensibilityGlobals) = postSolution
		SolutionGuid = {7AE9DCA7-0F93-4A4E-81CD-CCD7152645B7}
	EndGlobalSection
EndGlobal
